
Microsoft Visual Studio Solution File, Format Version 12.00
# Visual Studio Version 16
VisualStudioVersion = 16.0.31112.23
MinimumVisualStudioVersion = 10.0.40219.1
Project("{9A19103F-16F7-4668-BE54-9A1E7A4F7556}") = "ZYSocketShare-standard2", "ZYSocketShare\ZYSocketShare-standard2.csproj", "{211453B0-6256-4DC6-A2AE-7F4A4A58F413}"
EndProject
Project("{9A19103F-16F7-4668-BE54-9A1E7A4F7556}") = "ZYSocketServer-standard2", "ZYSocketServer\ZYSocketServer-standard2.csproj", "{BC2B5767-E75E-4489-B7C8-E971AE8F10F4}"
EndProject
Project("{9A19103F-16F7-4668-BE54-9A1E7A4F7556}") = "ZYSocketClient-standard2", "ZYSocketClient\ZYSocketClient-standard2.csproj", "{4E6E701E-79B4-40FF-A70B-FD6D56B3A9A1}"
EndProject
Global
	GlobalSection(SolutionConfigurationPlatforms) = preSolution
		Debug|Any CPU = Debug|Any CPU
		Release|Any CPU = Release|Any CPU
	EndGlobalSection
	GlobalSection(ProjectConfigurationPlatforms) = postSolution
		{211453B0-6256-4DC6-A2AE-7F4A4A58F413}.Debug|Any CPU.ActiveCfg = Debug|Any CPU
		{211453B0-6256-4DC6-A2AE-7F4A4A58F413}.Debug|Any CPU.Build.0 = Debug|Any CPU
		{211453B0-6256-4DC6-A2AE-7F4A4A58F413}.Release|Any CPU.ActiveCfg = Release|Any CPU
		{211453B0-6256-4DC6-A2AE-7F4A4A58F413}.Release|Any CPU.Build.0 = Release|Any CPU
		{BC2B5767-E75E-4489-B7C8-E971AE8F10F4}.Debug|Any CPU.ActiveCfg = Debug|Any CPU
		{BC2B5767-E75E-4489-B7C8-E971AE8F10F4}.Debug|Any CPU.Build.0 = Debug|Any CPU
		{BC2B5767-E75E-4489-B7C8-E971AE8F10F4}.Release|Any CPU.ActiveCfg = Release|Any CPU
		{BC2B5767-E75E-4489-B7C8-E971AE8F10F4}.Release|Any CPU.Build.0 = Release|Any CPU
		{4E6E701E-79B4-40FF-A70B-FD6D56B3A9A1}.Debug|Any CPU.ActiveCfg = Debug|Any CPU
		{4E6E701E-79B4-40FF-A70B-FD6D56B3A9A1}.Debug|Any CPU.Build.0 = Debug|Any CPU
		{4E6E701E-79B4-40FF-A70B-FD6D56B3A9A1}.Release|Any CPU.ActiveCfg = Release|Any CPU
		{4E6E701E-79B4-40FF-A70B-FD6D56B3A9A1}.Release|Any CPU.Build.0 = Release|Any CPU
	EndGlobalSection
	GlobalSection(SolutionProperties) = preSolution
		HideSolutionNode = FALSE
	EndGlobalSection
	GlobalSection(ExtensibilityGlobals) = postSolution
		SolutionGuid = {AB715CF6-49C0-4BA5-921B-C96910B6337C}
	EndGlobalSection
EndGlobal
