
Microsoft Visual Studio Solution File, Format Version 12.00
# Visual Studio Version 16
VisualStudioVersion = 16.0.28922.388
MinimumVisualStudioVersion = 10.0.40219.1
Project("{9A19103F-16F7-4668-BE54-9A1E7A4F7556}") = "ZYSocketServer", "ZYSocketServer\ZYSocketServer.csproj", "{84DB2EEC-1F30-402A-A251-32089B7FEF57}"
EndProject
Project("{9A19103F-16F7-4668-BE54-9A1E7A4F7556}") = "TestServer", "TestServer\TestServer.csproj", "{008138B3-E45D-4661-A0C5-8103739295B5}"
EndProject
Project("{9A19103F-16F7-4668-BE54-9A1E7A4F7556}") = "ZYSocketClient", "ZYSocketClient\ZYSocketClient.csproj", "{7130EAAE-8B04-43B7-946F-DB170AD56B1E}"
EndProject
Project("{9A19103F-16F7-4668-BE54-9A1E7A4F7556}") = "TestClient", "TestClient\TestClient.csproj", "{AAE4AE73-3E97-4E9A-9C82-47D8155FD880}"
EndProject
Project("{9A19103F-16F7-4668-BE54-9A1E7A4F7556}") = "ZYSocketShare", "ZYSocketShare\ZYSocketShare.csproj", "{8E82AB3B-BF07-4F81-A667-A4AB353ADA43}"
EndProject
Project("{2150E333-8FDC-42A3-9474-1A3956D46DE8}") = "Test", "Test", "{5DF7131F-F433-49F8-9B49-A730C6355661}"
EndProject
Project("{2150E333-8FDC-42A3-9474-1A3956D46DE8}") = "StreamTest", "StreamTest", "{40408ED9-107E-4DF0-BAE6-C461C02DD0D3}"
EndProject
Project("{9A19103F-16F7-4668-BE54-9A1E7A4F7556}") = "TestClientStream", "TestClientStream\TestClientStream.csproj", "{EB90DA20-747C-4162-B1FF-AA537B3EF530}"
EndProject
Project("{9A19103F-16F7-4668-BE54-9A1E7A4F7556}") = "TestServerStream", "TestServerStream\TestServerStream.csproj", "{E3635D0B-49D2-47BB-BEDA-DAAF3E27B35D}"
EndProject
Project("{2150E333-8FDC-42A3-9474-1A3956D46DE8}") = "TestConnect", "TestConnect", "{C8DCEBF7-F092-4C9A-AE30-71E87D68DFB4}"
EndProject
Project("{9A19103F-16F7-4668-BE54-9A1E7A4F7556}") = "TestConnectServer", "TestConnectServer\TestConnectServer.csproj", "{1648E86D-4098-49A1-A273-57F2874CC5F0}"
EndProject
Project("{9A19103F-16F7-4668-BE54-9A1E7A4F7556}") = "TestConnectClient", "TestConnectClient\TestConnectClient.csproj", "{EB2A9691-D6FD-417B-8360-249BC3194579}"
EndProject
Global
	GlobalSection(SolutionConfigurationPlatforms) = preSolution
		Debug|Any CPU = Debug|Any CPU
		Release|Any CPU = Release|Any CPU
	EndGlobalSection
	GlobalSection(ProjectConfigurationPlatforms) = postSolution
		{84DB2EEC-1F30-402A-A251-32089B7FEF57}.Debug|Any CPU.ActiveCfg = Debug|Any CPU
		{84DB2EEC-1F30-402A-A251-32089B7FEF57}.Debug|Any CPU.Build.0 = Debug|Any CPU
		{84DB2EEC-1F30-402A-A251-32089B7FEF57}.Release|Any CPU.ActiveCfg = Release|Any CPU
		{84DB2EEC-1F30-402A-A251-32089B7FEF57}.Release|Any CPU.Build.0 = Release|Any CPU
		{008138B3-E45D-4661-A0C5-8103739295B5}.Debug|Any CPU.ActiveCfg = Debug|Any CPU
		{008138B3-E45D-4661-A0C5-8103739295B5}.Debug|Any CPU.Build.0 = Debug|Any CPU
		{008138B3-E45D-4661-A0C5-8103739295B5}.Release|Any CPU.ActiveCfg = Release|Any CPU
		{008138B3-E45D-4661-A0C5-8103739295B5}.Release|Any CPU.Build.0 = Release|Any CPU
		{7130EAAE-8B04-43B7-946F-DB170AD56B1E}.Debug|Any CPU.ActiveCfg = Debug|Any CPU
		{7130EAAE-8B04-43B7-946F-DB170AD56B1E}.Debug|Any CPU.Build.0 = Debug|Any CPU
		{7130EAAE-8B04-43B7-946F-DB170AD56B1E}.Release|Any CPU.ActiveCfg = Release|Any CPU
		{7130EAAE-8B04-43B7-946F-DB170AD56B1E}.Release|Any CPU.Build.0 = Release|Any CPU
		{AAE4AE73-3E97-4E9A-9C82-47D8155FD880}.Debug|Any CPU.ActiveCfg = Debug|Any CPU
		{AAE4AE73-3E97-4E9A-9C82-47D8155FD880}.Debug|Any CPU.Build.0 = Debug|Any CPU
		{AAE4AE73-3E97-4E9A-9C82-47D8155FD880}.Release|Any CPU.ActiveCfg = Release|Any CPU
		{AAE4AE73-3E97-4E9A-9C82-47D8155FD880}.Release|Any CPU.Build.0 = Release|Any CPU
		{8E82AB3B-BF07-4F81-A667-A4AB353ADA43}.Debug|Any CPU.ActiveCfg = Debug|Any CPU
		{8E82AB3B-BF07-4F81-A667-A4AB353ADA43}.Debug|Any CPU.Build.0 = Debug|Any CPU
		{8E82AB3B-BF07-4F81-A667-A4AB353ADA43}.Release|Any CPU.ActiveCfg = Release|Any CPU
		{8E82AB3B-BF07-4F81-A667-A4AB353ADA43}.Release|Any CPU.Build.0 = Release|Any CPU
		{EB90DA20-747C-4162-B1FF-AA537B3EF530}.Debug|Any CPU.ActiveCfg = Debug|Any CPU
		{EB90DA20-747C-4162-B1FF-AA537B3EF530}.Debug|Any CPU.Build.0 = Debug|Any CPU
		{EB90DA20-747C-4162-B1FF-AA537B3EF530}.Release|Any CPU.ActiveCfg = Release|Any CPU
		{EB90DA20-747C-4162-B1FF-AA537B3EF530}.Release|Any CPU.Build.0 = Release|Any CPU
		{E3635D0B-49D2-47BB-BEDA-DAAF3E27B35D}.Debug|Any CPU.ActiveCfg = Debug|Any CPU
		{E3635D0B-49D2-47BB-BEDA-DAAF3E27B35D}.Debug|Any CPU.Build.0 = Debug|Any CPU
		{E3635D0B-49D2-47BB-BEDA-DAAF3E27B35D}.Release|Any CPU.ActiveCfg = Release|Any CPU
		{E3635D0B-49D2-47BB-BEDA-DAAF3E27B35D}.Release|Any CPU.Build.0 = Release|Any CPU
		{1648E86D-4098-49A1-A273-57F2874CC5F0}.Debug|Any CPU.ActiveCfg = Debug|Any CPU
		{1648E86D-4098-49A1-A273-57F2874CC5F0}.Debug|Any CPU.Build.0 = Debug|Any CPU
		{1648E86D-4098-49A1-A273-57F2874CC5F0}.Release|Any CPU.ActiveCfg = Release|Any CPU
		{1648E86D-4098-49A1-A273-57F2874CC5F0}.Release|Any CPU.Build.0 = Release|Any CPU
		{EB2A9691-D6FD-417B-8360-249BC3194579}.Debug|Any CPU.ActiveCfg = Debug|Any CPU
		{EB2A9691-D6FD-417B-8360-249BC3194579}.Debug|Any CPU.Build.0 = Debug|Any CPU
		{EB2A9691-D6FD-417B-8360-249BC3194579}.Release|Any CPU.ActiveCfg = Release|Any CPU
		{EB2A9691-D6FD-417B-8360-249BC3194579}.Release|Any CPU.Build.0 = Release|Any CPU
	EndGlobalSection
	GlobalSection(SolutionProperties) = preSolution
		HideSolutionNode = FALSE
	EndGlobalSection
	GlobalSection(NestedProjects) = preSolution
		{008138B3-E45D-4661-A0C5-8103739295B5} = {5DF7131F-F433-49F8-9B49-A730C6355661}
		{AAE4AE73-3E97-4E9A-9C82-47D8155FD880} = {5DF7131F-F433-49F8-9B49-A730C6355661}
		{40408ED9-107E-4DF0-BAE6-C461C02DD0D3} = {5DF7131F-F433-49F8-9B49-A730C6355661}
		{EB90DA20-747C-4162-B1FF-AA537B3EF530} = {40408ED9-107E-4DF0-BAE6-C461C02DD0D3}
		{E3635D0B-49D2-47BB-BEDA-DAAF3E27B35D} = {40408ED9-107E-4DF0-BAE6-C461C02DD0D3}
		{C8DCEBF7-F092-4C9A-AE30-71E87D68DFB4} = {5DF7131F-F433-49F8-9B49-A730C6355661}
		{1648E86D-4098-49A1-A273-57F2874CC5F0} = {C8DCEBF7-F092-4C9A-AE30-71E87D68DFB4}
		{EB2A9691-D6FD-417B-8360-249BC3194579} = {C8DCEBF7-F092-4C9A-AE30-71E87D68DFB4}
	EndGlobalSection
	GlobalSection(ExtensibilityGlobals) = postSolution
		SolutionGuid = {AB715CF6-49C0-4BA5-921B-C96910B6337C}
	EndGlobalSection
EndGlobal
